
Microsoft Visual Studio Solution File, Format Version 12.00
# Visual Studio Version 17
VisualStudioVersion = 17.5.33424.131
MinimumVisualStudioVersion = 10.0.40219.1
Project("{FAE04EC0-301F-11D3-BF4B-00C04F79EFBC}") = "Task2", "Task2\Task2.csproj", "{46BAE70E-2F79-4315-94A4-B4AD7B6C0788}"
EndProject
Global
	GlobalSection(SolutionConfigurationPlatforms) = preSolution
		Debug|Any CPU = Debug|Any CPU
		Release|Any CPU = Release|Any CPU
	EndGlobalSection
	GlobalSection(ProjectConfigurationPlatforms) = postSolution
		{46BAE70E-2F79-4315-94A4-B4AD7B6C0788}.Debug|Any CPU.ActiveCfg = Debug|Any CPU
		{46BAE70E-2F79-4315-94A4-B4AD7B6C0788}.Debug|Any CPU.Build.0 = Debug|Any CPU
		{46BAE70E-2F79-4315-94A4-B4AD7B6C0788}.Release|Any CPU.ActiveCfg = Release|Any CPU
		{46BAE70E-2F79-4315-94A4-B4AD7B6C0788}.Release|Any CPU.Build.0 = Release|Any CPU
	EndGlobalSection
	GlobalSection(SolutionProperties) = preSolution
		HideSolutionNode = FALSE
	EndGlobalSection
	GlobalSection(ExtensibilityGlobals) = postSolution
		SolutionGuid = {8949253E-E56A-4430-8C19-BA4F09FB26AC}
	EndGlobalSection
EndGlobal
